
Microsoft Visual Studio Solution File, Format Version 12.00
# Visual Studio 2013
VisualStudioVersion = 12.0.30324.0
MinimumVisualStudioVersion = 10.0.40219.1
Project("{FAE04EC0-301F-11D3-BF4B-00C04F79EFBC}") = "Boycott.WP8", "Boycott.WP8\Boycott.WP8.csproj", "{7671D0D0-C6DB-41D3-8CBD-4051114F124D}"
EndProject
Project("{FAE04EC0-301F-11D3-BF4B-00C04F79EFBC}") = "Boycott.PCL", "Boycott.PCL\Boycott.PCL.csproj", "{095A87EE-746A-459E-8D47-E118E100C19B}"
EndProject
Global
	GlobalSection(SolutionConfigurationPlatforms) = preSolution
		Debug|Any CPU = Debug|Any CPU
		Debug|ARM = Debug|ARM
		Debug|x86 = Debug|x86
		Release|Any CPU = Release|Any CPU
		Release|ARM = Release|ARM
		Release|x86 = Release|x86
	EndGlobalSection
	GlobalSection(ProjectConfigurationPlatforms) = postSolution
		{7671D0D0-C6DB-41D3-8CBD-4051114F124D}.Debug|Any CPU.ActiveCfg = Debug|Any CPU
		{7671D0D0-C6DB-41D3-8CBD-4051114F124D}.Debug|Any CPU.Build.0 = Debug|Any CPU
		{7671D0D0-C6DB-41D3-8CBD-4051114F124D}.Debug|Any CPU.Deploy.0 = Debug|Any CPU
		{7671D0D0-C6DB-41D3-8CBD-4051114F124D}.Debug|ARM.ActiveCfg = Debug|ARM
		{7671D0D0-C6DB-41D3-8CBD-4051114F124D}.Debug|ARM.Build.0 = Debug|ARM
		{7671D0D0-C6DB-41D3-8CBD-4051114F124D}.Debug|ARM.Deploy.0 = Debug|ARM
		{7671D0D0-C6DB-41D3-8CBD-4051114F124D}.Debug|x86.ActiveCfg = Debug|x86
		{7671D0D0-C6DB-41D3-8CBD-4051114F124D}.Debug|x86.Build.0 = Debug|x86
		{7671D0D0-C6DB-41D3-8CBD-4051114F124D}.Debug|x86.Deploy.0 = Debug|x86
		{7671D0D0-C6DB-41D3-8CBD-4051114F124D}.Release|Any CPU.ActiveCfg = Release|Any CPU
		{7671D0D0-C6DB-41D3-8CBD-4051114F124D}.Release|Any CPU.Build.0 = Release|Any CPU
		{7671D0D0-C6DB-41D3-8CBD-4051114F124D}.Release|Any CPU.Deploy.0 = Release|Any CPU
		{7671D0D0-C6DB-41D3-8CBD-4051114F124D}.Release|ARM.ActiveCfg = Release|ARM
		{7671D0D0-C6DB-41D3-8CBD-4051114F124D}.Release|ARM.Build.0 = Release|ARM
		{7671D0D0-C6DB-41D3-8CBD-4051114F124D}.Release|ARM.Deploy.0 = Release|ARM
		{7671D0D0-C6DB-41D3-8CBD-4051114F124D}.Release|x86.ActiveCfg = Release|x86
		{7671D0D0-C6DB-41D3-8CBD-4051114F124D}.Release|x86.Build.0 = Release|x86
		{7671D0D0-C6DB-41D3-8CBD-4051114F124D}.Release|x86.Deploy.0 = Release|x86
		{095A87EE-746A-459E-8D47-E118E100C19B}.Debug|Any CPU.ActiveCfg = Debug|Any CPU
		{095A87EE-746A-459E-8D47-E118E100C19B}.Debug|Any CPU.Build.0 = Debug|Any CPU
		{095A87EE-746A-459E-8D47-E118E100C19B}.Debug|ARM.ActiveCfg = Debug|Any CPU
		{095A87EE-746A-459E-8D47-E118E100C19B}.Debug|x86.ActiveCfg = Debug|Any CPU
		{095A87EE-746A-459E-8D47-E118E100C19B}.Release|Any CPU.ActiveCfg = Release|Any CPU
		{095A87EE-746A-459E-8D47-E118E100C19B}.Release|Any CPU.Build.0 = Release|Any CPU
		{095A87EE-746A-459E-8D47-E118E100C19B}.Release|ARM.ActiveCfg = Release|Any CPU
		{095A87EE-746A-459E-8D47-E118E100C19B}.Release|x86.ActiveCfg = Release|Any CPU
	EndGlobalSection
	GlobalSection(SolutionProperties) = preSolution
		HideSolutionNode = FALSE
	EndGlobalSection
EndGlobal
